<?xml version="1.0" encoding="utf-8"?>
<Project ToolsVersion="17.0" xmlns="http://schemas.microsoft.com/developer/msbuild/2003">
  <ItemGroup>
    <CustomBuild Include="C:\Users\Cristian\Documents\GitHub\LlamaCode\build2\CMakeFiles\215213af93ebfe0031930d3d88d00764\LlamaCode_build.cmake.rule">
      <Filter>CMake Rules</Filter>
    </CustomBuild>
    <CustomBuild Include="C:\Users\Cristian\Documents\GitHub\LlamaCode\build2\CMakeFiles\9ac4e46f885d300e3c044e926510ca00\LlamaCode_qmlimportscan.rule">
      <Filter>CMake Rules</Filter>
    </CustomBuild>
    <CustomBuild Include="C:\Users\Cristian\Documents\GitHub\LlamaCode\CMakeLists.txt" />
  </ItemGroup>
  <ItemGroup>
    <None Include="C:\Users\Cristian\Documents\GitHub\LlamaCode\build2\CMakeFiles\LlamaCode_qmlimportscan" />
  </ItemGroup>
  <ItemGroup>
    <Filter Include="CMake Rules">
      <UniqueIdentifier>{604AC2FF-B1B2-351E-B1DB-393E486686FE}</UniqueIdentifier>
    </Filter>
  </ItemGroup>
</Project>
